// !$*UTF8*$!
{
	archiveVersion = 1;
	classes = {
	};
	objectVersion = 46;
	objects = {

/* Begin PBXBuildFile section */
		05390830764427BA7C7E2CB7 /* Pods_CompraLeve.framework in Frameworks */ = {isa = PBXBuildFile; fileRef = 0CEC3D44963950EA3EE89FBC /* Pods_CompraLeve.framework */; };
		3F4E807C1EC08EAD002C2D04 /* AppDelegate.swift in Sources */ = {isa = PBXBuildFile; fileRef = 3F4E807B1EC08EAD002C2D04 /* AppDelegate.swift */; };
		3F4E807E1EC08EAD002C2D04 /* ViewController.swift in Sources */ = {isa = PBXBuildFile; fileRef = 3F4E807D1EC08EAD002C2D04 /* ViewController.swift */; };
		3F4E80811EC08EAD002C2D04 /* Main.storyboard in Resources */ = {isa = PBXBuildFile; fileRef = 3F4E807F1EC08EAD002C2D04 /* Main.storyboard */; };
		3F4E80841EC08EAD002C2D04 /* CompraLeve.xcdatamodeld in Sources */ = {isa = PBXBuildFile; fileRef = 3F4E80821EC08EAD002C2D04 /* CompraLeve.xcdatamodeld */; };
		3F4E80861EC08EAD002C2D04 /* Assets.xcassets in Resources */ = {isa = PBXBuildFile; fileRef = 3F4E80851EC08EAD002C2D04 /* Assets.xcassets */; };
		3F4E80891EC08EAD002C2D04 /* LaunchScreen.storyboard in Resources */ = {isa = PBXBuildFile; fileRef = 3F4E80871EC08EAD002C2D04 /* LaunchScreen.storyboard */; };
		3F4E80911EC0AAF6002C2D04 /* ListaProdutosTableViewController.swift in Sources */ = {isa = PBXBuildFile; fileRef = 3F4E80901EC0AAF6002C2D04 /* ListaProdutosTableViewController.swift */; };
		3F4E80931EC0AB0A002C2D04 /* ListaProdutosTableViewCell.swift in Sources */ = {isa = PBXBuildFile; fileRef = 3F4E80921EC0AB0A002C2D04 /* ListaProdutosTableViewCell.swift */; };
		3F9FBC4C1EC0971200277B06 /* Recibo+CoreDataClass.swift in Sources */ = {isa = PBXBuildFile; fileRef = 3F9FBC481EC0971200277B06 /* Recibo+CoreDataClass.swift */; };
		3F9FBC4D1EC0971200277B06 /* Recibo+CoreDataProperties.swift in Sources */ = {isa = PBXBuildFile; fileRef = 3F9FBC491EC0971200277B06 /* Recibo+CoreDataProperties.swift */; };
		3F9FBC4E1EC0971200277B06 /* Produto.swift in Sources */ = {isa = PBXBuildFile; fileRef = 3F9FBC4A1EC0971200277B06 /* Produto.swift */; };
		3F9FBC521EC0979B00277B06 /* CoreDataManager.swift in Sources */ = {isa = PBXBuildFile; fileRef = 3F9FBC511EC0979B00277B06 /* CoreDataManager.swift */; };
		3F9FBC551EC09E9B00277B06 /* InformacoesPessoais+CoreDataClass.swift in Sources */ = {isa = PBXBuildFile; fileRef = 3F9FBC531EC09E9B00277B06 /* InformacoesPessoais+CoreDataClass.swift */; };
		3F9FBC561EC09E9B00277B06 /* InformacoesPessoais+CoreDataProperties.swift in Sources */ = {isa = PBXBuildFile; fileRef = 3F9FBC541EC09E9B00277B06 /* InformacoesPessoais+CoreDataProperties.swift */; };
		3F9FBC581EC09F9500277B06 /* InformacoesPessoaisDAO.swift in Sources */ = {isa = PBXBuildFile; fileRef = 3F9FBC571EC09F9500277B06 /* InformacoesPessoaisDAO.swift */; };
		3FB9C4F51EC0B750002FB31F /* GoogleService-Info.plist in Resources */ = {isa = PBXBuildFile; fileRef = 3FB9C4F41EC0B750002FB31F /* GoogleService-Info.plist */; };
/* End PBXBuildFile section */

/* Begin PBXFileReference section */
		0CEC3D44963950EA3EE89FBC /* Pods_CompraLeve.framework */ = {isa = PBXFileReference; explicitFileType = wrapper.framework; includeInIndex = 0; path = Pods_CompraLeve.framework; sourceTree = BUILT_PRODUCTS_DIR; };
		26267CBEC3A618A300FCD01B /* Pods-CompraLeve.debug.xcconfig */ = {isa = PBXFileReference; includeInIndex = 1; lastKnownFileType = text.xcconfig; name = "Pods-CompraLeve.debug.xcconfig"; path = "Pods/Target Support Files/Pods-CompraLeve/Pods-CompraLeve.debug.xcconfig"; sourceTree = "<group>"; };
		3F4E80781EC08EAD002C2D04 /* CompraLeve.app */ = {isa = PBXFileReference; explicitFileType = wrapper.application; includeInIndex = 0; path = CompraLeve.app; sourceTree = BUILT_PRODUCTS_DIR; };
		3F4E807B1EC08EAD002C2D04 /* AppDelegate.swift */ = {isa = PBXFileReference; lastKnownFileType = sourcecode.swift; path = AppDelegate.swift; sourceTree = "<group>"; };
		3F4E807D1EC08EAD002C2D04 /* ViewController.swift */ = {isa = PBXFileReference; lastKnownFileType = sourcecode.swift; path = ViewController.swift; sourceTree = "<group>"; };
		3F4E80801EC08EAD002C2D04 /* Base */ = {isa = PBXFileReference; lastKnownFileType = file.storyboard; name = Base; path = Base.lproj/Main.storyboard; sourceTree = "<group>"; };
		3F4E80831EC08EAD002C2D04 /* CompraLeve.xcdatamodel */ = {isa = PBXFileReference; lastKnownFileType = wrapper.xcdatamodel; path = CompraLeve.xcdatamodel; sourceTree = "<group>"; };
		3F4E80851EC08EAD002C2D04 /* Assets.xcassets */ = {isa = PBXFileReference; lastKnownFileType = folder.assetcatalog; path = Assets.xcassets; sourceTree = "<group>"; };
		3F4E80881EC08EAD002C2D04 /* Base */ = {isa = PBXFileReference; lastKnownFileType = file.storyboard; name = Base; path = Base.lproj/LaunchScreen.storyboard; sourceTree = "<group>"; };
		3F4E808A1EC08EAD002C2D04 /* Info.plist */ = {isa = PBXFileReference; lastKnownFileType = text.plist.xml; path = Info.plist; sourceTree = "<group>"; };
		3F4E80901EC0AAF6002C2D04 /* ListaProdutosTableViewController.swift */ = {isa = PBXFileReference; fileEncoding = 4; lastKnownFileType = sourcecode.swift; path = ListaProdutosTableViewController.swift; sourceTree = "<group>"; };
		3F4E80921EC0AB0A002C2D04 /* ListaProdutosTableViewCell.swift */ = {isa = PBXFileReference; fileEncoding = 4; lastKnownFileType = sourcecode.swift; path = ListaProdutosTableViewCell.swift; sourceTree = "<group>"; };
		3F9FBC481EC0971200277B06 /* Recibo+CoreDataClass.swift */ = {isa = PBXFileReference; fileEncoding = 4; lastKnownFileType = sourcecode.swift; path = "Recibo+CoreDataClass.swift"; sourceTree = "<group>"; };
		3F9FBC491EC0971200277B06 /* Recibo+CoreDataProperties.swift */ = {isa = PBXFileReference; fileEncoding = 4; lastKnownFileType = sourcecode.swift; path = "Recibo+CoreDataProperties.swift"; sourceTree = "<group>"; };
		3F9FBC4A1EC0971200277B06 /* Produto.swift */ = {isa = PBXFileReference; fileEncoding = 4; lastKnownFileType = sourcecode.swift; path = Produto.swift; sourceTree = "<group>"; };
		3F9FBC511EC0979B00277B06 /* CoreDataManager.swift */ = {isa = PBXFileReference; fileEncoding = 4; lastKnownFileType = sourcecode.swift; path = CoreDataManager.swift; sourceTree = "<group>"; };
		3F9FBC531EC09E9B00277B06 /* InformacoesPessoais+CoreDataClass.swift */ = {isa = PBXFileReference; fileEncoding = 4; lastKnownFileType = sourcecode.swift; path = "InformacoesPessoais+CoreDataClass.swift"; sourceTree = "<group>"; };
		3F9FBC541EC09E9B00277B06 /* InformacoesPessoais+CoreDataProperties.swift */ = {isa = PBXFileReference; fileEncoding = 4; lastKnownFileType = sourcecode.swift; path = "InformacoesPessoais+CoreDataProperties.swift"; sourceTree = "<group>"; };
		3F9FBC571EC09F9500277B06 /* InformacoesPessoaisDAO.swift */ = {isa = PBXFileReference; fileEncoding = 4; lastKnownFileType = sourcecode.swift; path = InformacoesPessoaisDAO.swift; sourceTree = "<group>"; };
		3FB9C4F41EC0B750002FB31F /* GoogleService-Info.plist */ = {isa = PBXFileReference; fileEncoding = 4; lastKnownFileType = text.plist.xml; path = "GoogleService-Info.plist"; sourceTree = "<group>"; };
		D03C46BE1067F4F691773027 /* Pods-CompraLeve.release.xcconfig */ = {isa = PBXFileReference; includeInIndex = 1; lastKnownFileType = text.xcconfig; name = "Pods-CompraLeve.release.xcconfig"; path = "Pods/Target Support Files/Pods-CompraLeve/Pods-CompraLeve.release.xcconfig"; sourceTree = "<group>"; };
/* End PBXFileReference section */

/* Begin PBXFrameworksBuildPhase section */
		3F4E80751EC08EAD002C2D04 /* Frameworks */ = {
			isa = PBXFrameworksBuildPhase;
			buildActionMask = 2147483647;
			files = (
				05390830764427BA7C7E2CB7 /* Pods_CompraLeve.framework in Frameworks */,
			);
			runOnlyForDeploymentPostprocessing = 0;
		};
/* End PBXFrameworksBuildPhase section */

/* Begin PBXGroup section */
		3F4E806F1EC08EAD002C2D04 = {
			isa = PBXGroup;
			children = (
				3F4E807A1EC08EAD002C2D04 /* CompraLeve */,
				3F4E80791EC08EAD002C2D04 /* Products */,
				6D7F0FDB97CB248D236A7ED5 /* Pods */,
				A5512635644CF0A725C2ECF2 /* Frameworks */,
			);
			sourceTree = "<group>";
		};
		3F4E80791EC08EAD002C2D04 /* Products */ = {
			isa = PBXGroup;
			children = (
				3F4E80781EC08EAD002C2D04 /* CompraLeve.app */,
			);
			name = Products;
			sourceTree = "<group>";
		};
		3F4E807A1EC08EAD002C2D04 /* CompraLeve */ = {
			isa = PBXGroup;
			children = (
				3FB9C4F41EC0B750002FB31F /* GoogleService-Info.plist */,
				3F9FBC531EC09E9B00277B06 /* InformacoesPessoais+CoreDataClass.swift */,
				3F9FBC541EC09E9B00277B06 /* InformacoesPessoais+CoreDataProperties.swift */,
				3F9FBC481EC0971200277B06 /* Recibo+CoreDataClass.swift */,
				3F9FBC491EC0971200277B06 /* Recibo+CoreDataProperties.swift */,
				3F9FBC4A1EC0971200277B06 /* Produto.swift */,
				3F9FBC501EC0973600277B06 /* Supporting Files */,
				3F4E807D1EC08EAD002C2D04 /* ViewController.swift */,
				3F4E807F1EC08EAD002C2D04 /* Main.storyboard */,
				3F4E80851EC08EAD002C2D04 /* Assets.xcassets */,
				3F4E80821EC08EAD002C2D04 /* CompraLeve.xcdatamodeld */,
				3F9FBC511EC0979B00277B06 /* CoreDataManager.swift */,
				3F9FBC571EC09F9500277B06 /* InformacoesPessoaisDAO.swift */,
				3F4E80901EC0AAF6002C2D04 /* ListaProdutosTableViewController.swift */,
				3F4E80921EC0AB0A002C2D04 /* ListaProdutosTableViewCell.swift */,
			);
			path = CompraLeve;
			sourceTree = "<group>";
		};
		3F9FBC501EC0973600277B06 /* Supporting Files */ = {
			isa = PBXGroup;
			children = (
				3F4E807B1EC08EAD002C2D04 /* AppDelegate.swift */,
				3F4E80871EC08EAD002C2D04 /* LaunchScreen.storyboard */,
				3F4E808A1EC08EAD002C2D04 /* Info.plist */,
			);
			name = "Supporting Files";
			sourceTree = "<group>";
		};
		6D7F0FDB97CB248D236A7ED5 /* Pods */ = {
			isa = PBXGroup;
			children = (
				26267CBEC3A618A300FCD01B /* Pods-CompraLeve.debug.xcconfig */,
				D03C46BE1067F4F691773027 /* Pods-CompraLeve.release.xcconfig */,
			);
			name = Pods;
			sourceTree = "<group>";
		};
		A5512635644CF0A725C2ECF2 /* Frameworks */ = {
			isa = PBXGroup;
			children = (
				0CEC3D44963950EA3EE89FBC /* Pods_CompraLeve.framework */,
			);
			name = Frameworks;
			sourceTree = "<group>";
		};
/* End PBXGroup section */

/* Begin PBXNativeTarget section */
		3F4E80771EC08EAD002C2D04 /* CompraLeve */ = {
			isa = PBXNativeTarget;
			buildConfigurationList = 3F4E808D1EC08EAD002C2D04 /* Build configuration list for PBXNativeTarget "CompraLeve" */;
			buildPhases = (
				51FCF94A24BA2BD29A832B85 /* [CP] Check Pods Manifest.lock */,
				3F4E80741EC08EAD002C2D04 /* Sources */,
				3F4E80751EC08EAD002C2D04 /* Frameworks */,
				3F4E80761EC08EAD002C2D04 /* Resources */,
				F65CBAF34FD6000D5897B172 /* [CP] Embed Pods Frameworks */,
				78BB214916FC33C998089DBC /* [CP] Copy Pods Resources */,
			);
			buildRules = (
			);
			dependencies = (
			);
			name = CompraLeve;
			productName = CompraLeve;
			productReference = 3F4E80781EC08EAD002C2D04 /* CompraLeve.app */;
			productType = "com.apple.product-type.application";
		};
/* End PBXNativeTarget section */

/* Begin PBXProject section */
		3F4E80701EC08EAD002C2D04 /* Project object */ = {
			isa = PBXProject;
			attributes = {
				LastSwiftUpdateCheck = 0820;
				LastUpgradeCheck = 0820;
				ORGANIZATIONNAME = Wolves;
				TargetAttributes = {
					3F4E80771EC08EAD002C2D04 = {
						CreatedOnToolsVersion = 8.2.1;
						ProvisioningStyle = Automatic;
					};
				};
			};
			buildConfigurationList = 3F4E80731EC08EAD002C2D04 /* Build configuration list for PBXProject "CompraLeve" */;
			compatibilityVersion = "Xcode 3.2";
			developmentRegion = English;
			hasScannedForEncodings = 0;
			knownRegions = (
				en,
				Base,
			);
			mainGroup = 3F4E806F1EC08EAD002C2D04;
			productRefGroup = 3F4E80791EC08EAD002C2D04 /* Products */;
			projectDirPath = "";
			projectRoot = "";
			targets = (
				3F4E80771EC08EAD002C2D04 /* CompraLeve */,
			);
		};
/* End PBXProject section */

/* Begin PBXResourcesBuildPhase section */
		3F4E80761EC08EAD002C2D04 /* Resources */ = {
			isa = PBXResourcesBuildPhase;
			buildActionMask = 2147483647;
			files = (
				3F4E80891EC08EAD002C2D04 /* LaunchScreen.storyboard in Resources */,
				3FB9C4F51EC0B750002FB31F /* GoogleService-Info.plist in Resources */,
				3F4E80861EC08EAD002C2D04 /* Assets.xcassets in Resources */,
				3F4E80811EC08EAD002C2D04 /* Main.storyboard in Resources */,
			);
			runOnlyForDeploymentPostprocessing = 0;
		};
/* End PBXResourcesBuildPhase section */

/* Begin PBXShellScriptBuildPhase section */
		51FCF94A24BA2BD29A832B85 /* [CP] Check Pods Manifest.lock */ = {
			isa = PBXShellScriptBuildPhase;
			buildActionMask = 2147483647;
			files = (
			);
			inputPaths = (
			);
			name = "[CP] Check Pods Manifest.lock";
			outputPaths = (
			);
			runOnlyForDeploymentPostprocessing = 0;
			shellPath = /bin/sh;
			shellScript = "diff \"${PODS_PODFILE_DIR_PATH}/Podfile.lock\" \"${PODS_ROOT}/Manifest.lock\" > /dev/null\nif [ $? != 0 ] ; then\n    # print error to STDERR\n    echo \"error: The sandbox is not in sync with the Podfile.lock. Run 'pod install' or update your CocoaPods installation.\" >&2\n    exit 1\nfi\n";
			showEnvVarsInLog = 0;
		};
		78BB214916FC33C998089DBC /* [CP] Copy Pods Resources */ = {
			isa = PBXShellScriptBuildPhase;
			buildActionMask = 2147483647;
			files = (
			);
			inputPaths = (
			);
			name = "[CP] Copy Pods Resources";
			outputPaths = (
			);
			runOnlyForDeploymentPostprocessing = 0;
			shellPath = /bin/sh;
			shellScript = "\"${SRCROOT}/Pods/Target Support Files/Pods-CompraLeve/Pods-CompraLeve-resources.sh\"\n";
			showEnvVarsInLog = 0;
		};
		F65CBAF34FD6000D5897B172 /* [CP] Embed Pods Frameworks */ = {
			isa = PBXShellScriptBuildPhase;
			buildActionMask = 2147483647;
			files = (
			);
			inputPaths = (
			);
			name = "[CP] Embed Pods Frameworks";
			outputPaths = (
			);
			runOnlyForDeploymentPostprocessing = 0;
			shellPath = /bin/sh;
			shellScript = "\"${SRCROOT}/Pods/Target Support Files/Pods-CompraLeve/Pods-CompraLeve-frameworks.sh\"\n";
			showEnvVarsInLog = 0;
		};
/* End PBXShellScriptBuildPhase section */

/* Begin PBXSourcesBuildPhase section */
		3F4E80741EC08EAD002C2D04 /* Sources */ = {
			isa = PBXSourcesBuildPhase;
			buildActionMask = 2147483647;
			files = (
				3F4E807E1EC08EAD002C2D04 /* ViewController.swift in Sources */,
				3F9FBC4E1EC0971200277B06 /* Produto.swift in Sources */,
				3F9FBC581EC09F9500277B06 /* InformacoesPessoaisDAO.swift in Sources */,
				3F9FBC4D1EC0971200277B06 /* Recibo+CoreDataProperties.swift in Sources */,
				3F9FBC561EC09E9B00277B06 /* InformacoesPessoais+CoreDataProperties.swift in Sources */,
				3F4E80911EC0AAF6002C2D04 /* ListaProdutosTableViewController.swift in Sources */,
				3F4E80931EC0AB0A002C2D04 /* ListaProdutosTableViewCell.swift in Sources */,
				3F9FBC4C1EC0971200277B06 /* Recibo+CoreDataClass.swift in Sources */,
				3F4E807C1EC08EAD002C2D04 /* AppDelegate.swift in Sources */,
				3F9FBC521EC0979B00277B06 /* CoreDataManager.swift in Sources */,
				3F4E80841EC08EAD002C2D04 /* CompraLeve.xcdatamodeld in Sources */,
				3F9FBC551EC09E9B00277B06 /* InformacoesPessoais+CoreDataClass.swift in Sources */,
			);
			runOnlyForDeploymentPostprocessing = 0;
		};
/* End PBXSourcesBuildPhase section */

/* Begin PBXVariantGroup section */
		3F4E807F1EC08EAD002C2D04 /* Main.storyboard */ = {
			isa = PBXVariantGroup;
			children = (
				3F4E80801EC08EAD002C2D04 /* Base */,
			);
			name = Main.storyboard;
			sourceTree = "<group>";
		};
		3F4E80871EC08EAD002C2D04 /* LaunchScreen.storyboard */ = {
			isa = PBXVariantGroup;
			children = (
				3F4E80881EC08EAD002C2D04 /* Base */,
			);
			name = LaunchScreen.storyboard;
			sourceTree = "<group>";
		};
/* End PBXVariantGroup section */

/* Begin XCBuildConfiguration section */
		3F4E808B1EC08EAD002C2D04 /* Debug */ = {
			isa = XCBuildConfiguration;
			buildSettings = {
				ALWAYS_SEARCH_USER_PATHS = NO;
				CLANG_ANALYZER_NONNULL = YES;
				CLANG_CXX_LANGUAGE_STANDARD = "gnu++0x";
				CLANG_CXX_LIBRARY = "libc++";
				CLANG_ENABLE_MODULES = YES;
				CLANG_ENABLE_OBJC_ARC = YES;
				CLANG_WARN_BOOL_CONVERSION = YES;
				CLANG_WARN_CONSTANT_CONVERSION = YES;
				CLANG_WARN_DIRECT_OBJC_ISA_USAGE = YES_ERROR;
				CLANG_WARN_DOCUMENTATION_COMMENTS = YES;
				CLANG_WARN_EMPTY_BODY = YES;
				CLANG_WARN_ENUM_CONVERSION = YES;
				CLANG_WARN_INFINITE_RECURSION = YES;
				CLANG_WARN_INT_CONVERSION = YES;
				CLANG_WARN_OBJC_ROOT_CLASS = YES_ERROR;
				CLANG_WARN_SUSPICIOUS_MOVE = YES;
				CLANG_WARN_UNREACHABLE_CODE = YES;
				CLANG_WARN__DUPLICATE_METHOD_MATCH = YES;
				"CODE_SIGN_IDENTITY[sdk=iphoneos*]" = "iPhone Developer";
				COPY_PHASE_STRIP = NO;
				DEBUG_INFORMATION_FORMAT = dwarf;
				ENABLE_STRICT_OBJC_MSGSEND = YES;
				ENABLE_TESTABILITY = YES;
				GCC_C_LANGUAGE_STANDARD = gnu99;
				GCC_DYNAMIC_NO_PIC = NO;
				GCC_NO_COMMON_BLOCKS = YES;
				GCC_OPTIMIZATION_LEVEL = 0;
				GCC_PREPROCESSOR_DEFINITIONS = (
					"DEBUG=1",
					"$(inherited)",
				);
				GCC_WARN_64_TO_32_BIT_CONVERSION = YES;
				GCC_WARN_ABOUT_RETURN_TYPE = YES_ERROR;
				GCC_WARN_UNDECLARED_SELECTOR = YES;
				GCC_WARN_UNINITIALIZED_AUTOS = YES_AGGRESSIVE;
				GCC_WARN_UNUSED_FUNCTION = YES;
				GCC_WARN_UNUSED_VARIABLE = YES;
				IPHONEOS_DEPLOYMENT_TARGET = 10.2;
				MTL_ENABLE_DEBUG_INFO = YES;
				ONLY_ACTIVE_ARCH = YES;
				SDKROOT = iphoneos;
				SWIFT_ACTIVE_COMPILATION_CONDITIONS = DEBUG;
				SWIFT_OPTIMIZATION_LEVEL = "-Onone";
				TARGETED_DEVICE_FAMILY = "1,2";
			};
			name = Debug;
		};
		3F4E808C1EC08EAD002C2D04 /* Release */ = {
			isa = XCBuildConfiguration;
			buildSettings = {
				ALWAYS_SEARCH_USER_PATHS = NO;
				CLANG_ANALYZER_NONNULL = YES;
				CLANG_CXX_LANGUAGE_STANDARD = "gnu++0x";
				CLANG_CXX_LIBRARY = "libc++";
				CLANG_ENABLE_MODULES = YES;
				CLANG_ENABLE_OBJC_ARC = YES;
				CLANG_WARN_BOOL_CONVERSION = YES;
				CLANG_WARN_CONSTANT_CONVERSION = YES;
				CLANG_WARN_DIRECT_OBJC_ISA_USAGE = YES_ERROR;
				CLANG_WARN_DOCUMENTATION_COMMENTS = YES;
				CLANG_WARN_EMPTY_BODY = YES;
				CLANG_WARN_ENUM_CONVERSION = YES;
				CLANG_WARN_INFINITE_RECURSION = YES;
				CLANG_WARN_INT_CONVERSION = YES;
				CLANG_WARN_OBJC_ROOT_CLASS = YES_ERROR;
				CLANG_WARN_SUSPICIOUS_MOVE = YES;
				CLANG_WARN_UNREACHABLE_CODE = YES;
				CLANG_WARN__DUPLICATE_METHOD_MATCH = YES;
				"CODE_SIGN_IDENTITY[sdk=iphoneos*]" = "iPhone Developer";
				COPY_PHASE_STRIP = NO;
				DEBUG_INFORMATION_FORMAT = "dwarf-with-dsym";
				ENABLE_NS_ASSERTIONS = NO;
				ENABLE_STRICT_OBJC_MSGSEND = YES;
				GCC_C_LANGUAGE_STANDARD = gnu99;
				GCC_NO_COMMON_BLOCKS = YES;
				GCC_WARN_64_TO_32_BIT_CONVERSION = YES;
				GCC_WARN_ABOUT_RETURN_TYPE = YES_ERROR;
				GCC_WARN_UNDECLARED_SELECTOR = YES;
				GCC_WARN_UNINITIALIZED_AUTOS = YES_AGGRESSIVE;
				GCC_WARN_UNUSED_FUNCTION = YES;
				GCC_WARN_UNUSED_VARIABLE = YES;
				IPHONEOS_DEPLOYMENT_TARGET = 10.2;
				MTL_ENABLE_DEBUG_INFO = NO;
				SDKROOT = iphoneos;
				SWIFT_OPTIMIZATION_LEVEL = "-Owholemodule";
				TARGETED_DEVICE_FAMILY = "1,2";
				VALIDATE_PRODUCT = YES;
			};
			name = Release;
		};
		3F4E808E1EC08EAD002C2D04 /* Debug */ = {
			isa = XCBuildConfiguration;
			baseConfigurationReference = 26267CBEC3A618A300FCD01B /* Pods-CompraLeve.debug.xcconfig */;
			buildSettings = {
				ASSETCATALOG_COMPILER_APPICON_NAME = AppIcon;
				INFOPLIST_FILE = CompraLeve/Info.plist;
				LD_RUNPATH_SEARCH_PATHS = "$(inherited) @executable_path/Frameworks";
				OTHER_LDFLAGS = "-ObjC";
				PRODUCT_BUNDLE_IDENTIFIER = com.wolves.CompraLeve;
				PRODUCT_NAME = "$(TARGET_NAME)";
				SWIFT_VERSION = 3.0;
			};
			name = Debug;
		};
		3F4E808F1EC08EAD002C2D04 /* Release */ = {
			isa = XCBuildConfiguration;
			baseConfigurationReference = D03C46BE1067F4F691773027 /* Pods-CompraLeve.release.xcconfig */;
			buildSettings = {
				ASSETCATALOG_COMPILER_APPICON_NAME = AppIcon;
				INFOPLIST_FILE = CompraLeve/Info.plist;
				LD_RUNPATH_SEARCH_PATHS = "$(inherited) @executable_path/Frameworks";
				OTHER_LDFLAGS = "-ObjC";
				PRODUCT_BUNDLE_IDENTIFIER = com.wolves.CompraLeve;
				PRODUCT_NAME = "$(TARGET_NAME)";
				SWIFT_VERSION = 3.0;
			};
			name = Release;
		};
/* End XCBuildConfiguration section */

/* Begin XCConfigurationList section */
		3F4E80731EC08EAD002C2D04 /* Build configuration list for PBXProject "CompraLeve" */ = {
			isa = XCConfigurationList;
			buildConfigurations = (
				3F4E808B1EC08EAD002C2D04 /* Debug */,
				3F4E808C1EC08EAD002C2D04 /* Release */,
			);
			defaultConfigurationIsVisible = 0;
			defaultConfigurationName = Release;
		};
		3F4E808D1EC08EAD002C2D04 /* Build configuration list for PBXNativeTarget "CompraLeve" */ = {
			isa = XCConfigurationList;
			buildConfigurations = (
				3F4E808E1EC08EAD002C2D04 /* Debug */,
				3F4E808F1EC08EAD002C2D04 /* Release */,
			);
			defaultConfigurationIsVisible = 0;
			defaultConfigurationName = Release;
		};
/* End XCConfigurationList section */

/* Begin XCVersionGroup section */
		3F4E80821EC08EAD002C2D04 /* CompraLeve.xcdatamodeld */ = {
			isa = XCVersionGroup;
			children = (
				3F4E80831EC08EAD002C2D04 /* CompraLeve.xcdatamodel */,
			);
			currentVersion = 3F4E80831EC08EAD002C2D04 /* CompraLeve.xcdatamodel */;
			path = CompraLeve.xcdatamodeld;
			sourceTree = "<group>";
			versionGroupType = wrapper.xcdatamodel;
		};
/* End XCVersionGroup section */
	};
	rootObject = 3F4E80701EC08EAD002C2D04 /* Project object */;
}
